
Microsoft Visual Studio Solution File, Format Version 12.00
# Visual Studio 15
VisualStudioVersion = 15.0.27428.2005
MinimumVisualStudioVersion = 10.0.40219.1
Project("{FAE04EC0-301F-11D3-BF4B-00C04F79EFBC}") = "Food.OldClient", "Food\Food.OldClient.csproj", "{6F1C6AFB-9DE5-43FA-A591-22C21DA218A8}"
EndProject
Project("{FAE04EC0-301F-11D3-BF4B-00C04F79EFBC}") = "Food.Client.Essentials", "Food.Client.Essentials\Food.Client.Essentials.csproj", "{387FA3FB-3443-4F5E-983D-7F28B2A0040F}"
EndProject
Project("{FAE04EC0-301F-11D3-BF4B-00C04F79EFBC}") = "Food.Client", "Food.Client\Food.Client.csproj", "{8C6F0D62-A343-454D-9524-7562388DA2C7}"
EndProject
Project("{FAE04EC0-301F-11D3-BF4B-00C04F79EFBC}") = "Icl.Mvvm.Async", "Icl.Mvvm.Async\Icl.Mvvm.Async\Icl.Mvvm.Async.csproj", "{65C09927-7306-4E0A-A28B-D9C6307363A7}"
EndProject
Project("{2150E333-8FDC-42A3-9474-1A3956D46DE8}") = "Client", "Client", "{CD68CA93-9167-431D-A56A-1ECBFC6B873C}"
EndProject
Project("{2150E333-8FDC-42A3-9474-1A3956D46DE8}") = "CustomControls", "CustomControls", "{0EC68B5B-FCE3-4BBA-8021-6B3D54CCCC88}"
EndProject
Project("{2150E333-8FDC-42A3-9474-1A3956D46DE8}") = "CustomControlTests", "CustomControlTests", "{174E760F-6C72-4B2F-A41C-5711331B60DB}"
EndProject
Project("{FAE04EC0-301F-11D3-BF4B-00C04F79EFBC}") = "ClosableTabItemControl", "CustomControl\ClosableTabItem\ClosableTabItemControl.csproj", "{5F6205BA-1DB8-40DA-AAD8-FA2E5C9B325A}"
EndProject
Project("{FAE04EC0-301F-11D3-BF4B-00C04F79EFBC}") = "LinedTextBoxTest", "CustomControlTest\LinedTextBoxTest\LinedTextBoxTest.csproj", "{FAB17DC0-7986-4F48-A34A-3C9E8A6D99B2}"
EndProject
Project("{FAE04EC0-301F-11D3-BF4B-00C04F79EFBC}") = "ClosableTabItemTest", "CustomControlTest\ClosableTabItemTest\ClosableTabItemTest.csproj", "{650DAEFE-1A8D-41EB-82D7-A93D846CF266}"
EndProject
Project("{FAE04EC0-301F-11D3-BF4B-00C04F79EFBC}") = "LinedTextBoxControl", "CustomControl\LinedTextBoxControl\LinedTextBoxControl.csproj", "{9726316B-845E-49EF-ABEA-1C08A43DDEAB}"
EndProject
Project("{FAE04EC0-301F-11D3-BF4B-00C04F79EFBC}") = "IconicButtonControl", "CustomControl\IconicButtonControl\IconicButtonControl.csproj", "{2D7EBB79-E365-426D-B70E-6B4E260306FD}"
EndProject
Project("{FAE04EC0-301F-11D3-BF4B-00C04F79EFBC}") = "IconicButtonControlTest", "CustomControlTest\IconicButtonControlTest\IconicButtonControlTest.csproj", "{73B50E70-3874-409D-9465-B6632CEE198B}"
EndProject
Global
	GlobalSection(SolutionConfigurationPlatforms) = preSolution
		Debug|Any CPU = Debug|Any CPU
		Release|Any CPU = Release|Any CPU
	EndGlobalSection
	GlobalSection(ProjectConfigurationPlatforms) = postSolution
		{6F1C6AFB-9DE5-43FA-A591-22C21DA218A8}.Debug|Any CPU.ActiveCfg = Debug|Any CPU
		{6F1C6AFB-9DE5-43FA-A591-22C21DA218A8}.Debug|Any CPU.Build.0 = Debug|Any CPU
		{6F1C6AFB-9DE5-43FA-A591-22C21DA218A8}.Release|Any CPU.ActiveCfg = Release|Any CPU
		{6F1C6AFB-9DE5-43FA-A591-22C21DA218A8}.Release|Any CPU.Build.0 = Release|Any CPU
		{387FA3FB-3443-4F5E-983D-7F28B2A0040F}.Debug|Any CPU.ActiveCfg = Debug|Any CPU
		{387FA3FB-3443-4F5E-983D-7F28B2A0040F}.Debug|Any CPU.Build.0 = Debug|Any CPU
		{387FA3FB-3443-4F5E-983D-7F28B2A0040F}.Release|Any CPU.ActiveCfg = Release|Any CPU
		{387FA3FB-3443-4F5E-983D-7F28B2A0040F}.Release|Any CPU.Build.0 = Release|Any CPU
		{8C6F0D62-A343-454D-9524-7562388DA2C7}.Debug|Any CPU.ActiveCfg = Debug|Any CPU
		{8C6F0D62-A343-454D-9524-7562388DA2C7}.Debug|Any CPU.Build.0 = Debug|Any CPU
		{8C6F0D62-A343-454D-9524-7562388DA2C7}.Release|Any CPU.ActiveCfg = Release|Any CPU
		{8C6F0D62-A343-454D-9524-7562388DA2C7}.Release|Any CPU.Build.0 = Release|Any CPU
		{65C09927-7306-4E0A-A28B-D9C6307363A7}.Debug|Any CPU.ActiveCfg = Debug|Any CPU
		{65C09927-7306-4E0A-A28B-D9C6307363A7}.Debug|Any CPU.Build.0 = Debug|Any CPU
		{65C09927-7306-4E0A-A28B-D9C6307363A7}.Release|Any CPU.ActiveCfg = Release|Any CPU
		{65C09927-7306-4E0A-A28B-D9C6307363A7}.Release|Any CPU.Build.0 = Release|Any CPU
		{5F6205BA-1DB8-40DA-AAD8-FA2E5C9B325A}.Debug|Any CPU.ActiveCfg = Debug|Any CPU
		{5F6205BA-1DB8-40DA-AAD8-FA2E5C9B325A}.Debug|Any CPU.Build.0 = Debug|Any CPU
		{5F6205BA-1DB8-40DA-AAD8-FA2E5C9B325A}.Release|Any CPU.ActiveCfg = Release|Any CPU
		{5F6205BA-1DB8-40DA-AAD8-FA2E5C9B325A}.Release|Any CPU.Build.0 = Release|Any CPU
		{FAB17DC0-7986-4F48-A34A-3C9E8A6D99B2}.Debug|Any CPU.ActiveCfg = Debug|Any CPU
		{FAB17DC0-7986-4F48-A34A-3C9E8A6D99B2}.Debug|Any CPU.Build.0 = Debug|Any CPU
		{FAB17DC0-7986-4F48-A34A-3C9E8A6D99B2}.Release|Any CPU.ActiveCfg = Release|Any CPU
		{FAB17DC0-7986-4F48-A34A-3C9E8A6D99B2}.Release|Any CPU.Build.0 = Release|Any CPU
		{650DAEFE-1A8D-41EB-82D7-A93D846CF266}.Debug|Any CPU.ActiveCfg = Debug|Any CPU
		{650DAEFE-1A8D-41EB-82D7-A93D846CF266}.Debug|Any CPU.Build.0 = Debug|Any CPU
		{650DAEFE-1A8D-41EB-82D7-A93D846CF266}.Release|Any CPU.ActiveCfg = Release|Any CPU
		{650DAEFE-1A8D-41EB-82D7-A93D846CF266}.Release|Any CPU.Build.0 = Release|Any CPU
		{9726316B-845E-49EF-ABEA-1C08A43DDEAB}.Debug|Any CPU.ActiveCfg = Debug|Any CPU
		{9726316B-845E-49EF-ABEA-1C08A43DDEAB}.Debug|Any CPU.Build.0 = Debug|Any CPU
		{9726316B-845E-49EF-ABEA-1C08A43DDEAB}.Release|Any CPU.ActiveCfg = Release|Any CPU
		{9726316B-845E-49EF-ABEA-1C08A43DDEAB}.Release|Any CPU.Build.0 = Release|Any CPU
		{2D7EBB79-E365-426D-B70E-6B4E260306FD}.Debug|Any CPU.ActiveCfg = Debug|Any CPU
		{2D7EBB79-E365-426D-B70E-6B4E260306FD}.Debug|Any CPU.Build.0 = Debug|Any CPU
		{2D7EBB79-E365-426D-B70E-6B4E260306FD}.Release|Any CPU.ActiveCfg = Release|Any CPU
		{2D7EBB79-E365-426D-B70E-6B4E260306FD}.Release|Any CPU.Build.0 = Release|Any CPU
		{73B50E70-3874-409D-9465-B6632CEE198B}.Debug|Any CPU.ActiveCfg = Debug|Any CPU
		{73B50E70-3874-409D-9465-B6632CEE198B}.Debug|Any CPU.Build.0 = Debug|Any CPU
		{73B50E70-3874-409D-9465-B6632CEE198B}.Release|Any CPU.ActiveCfg = Release|Any CPU
		{73B50E70-3874-409D-9465-B6632CEE198B}.Release|Any CPU.Build.0 = Release|Any CPU
	EndGlobalSection
	GlobalSection(SolutionProperties) = preSolution
		HideSolutionNode = FALSE
	EndGlobalSection
	GlobalSection(NestedProjects) = preSolution
		{6F1C6AFB-9DE5-43FA-A591-22C21DA218A8} = {CD68CA93-9167-431D-A56A-1ECBFC6B873C}
		{387FA3FB-3443-4F5E-983D-7F28B2A0040F} = {CD68CA93-9167-431D-A56A-1ECBFC6B873C}
		{8C6F0D62-A343-454D-9524-7562388DA2C7} = {CD68CA93-9167-431D-A56A-1ECBFC6B873C}
		{0EC68B5B-FCE3-4BBA-8021-6B3D54CCCC88} = {CD68CA93-9167-431D-A56A-1ECBFC6B873C}
		{174E760F-6C72-4B2F-A41C-5711331B60DB} = {CD68CA93-9167-431D-A56A-1ECBFC6B873C}
		{5F6205BA-1DB8-40DA-AAD8-FA2E5C9B325A} = {0EC68B5B-FCE3-4BBA-8021-6B3D54CCCC88}
		{FAB17DC0-7986-4F48-A34A-3C9E8A6D99B2} = {174E760F-6C72-4B2F-A41C-5711331B60DB}
		{650DAEFE-1A8D-41EB-82D7-A93D846CF266} = {174E760F-6C72-4B2F-A41C-5711331B60DB}
		{9726316B-845E-49EF-ABEA-1C08A43DDEAB} = {0EC68B5B-FCE3-4BBA-8021-6B3D54CCCC88}
		{2D7EBB79-E365-426D-B70E-6B4E260306FD} = {0EC68B5B-FCE3-4BBA-8021-6B3D54CCCC88}
		{73B50E70-3874-409D-9465-B6632CEE198B} = {174E760F-6C72-4B2F-A41C-5711331B60DB}
	EndGlobalSection
	GlobalSection(ExtensibilityGlobals) = postSolution
		SolutionGuid = {9DA83E1B-9679-439F-8CE7-D5F2A12EFAD3}
	EndGlobalSection
EndGlobal
